
Microsoft Visual Studio Solution File, Format Version 12.00
# Visual Studio Version 16
VisualStudioVersion = 16.0.29806.167
MinimumVisualStudioVersion = 10.0.40219.1
Project("{FAE04EC0-301F-11D3-BF4B-00C04F79EFBC}") = "eslog2_0", "eslog2_0\eslog2_0.csproj", "{EBF9ABB0-C045-4B34-BE94-8C75E51058BE}"
EndProject
Global
	GlobalSection(SolutionConfigurationPlatforms) = preSolution
		Debug|Any CPU = Debug|Any CPU
		Release|Any CPU = Release|Any CPU
	EndGlobalSection
	GlobalSection(ProjectConfigurationPlatforms) = postSolution
		{EBF9ABB0-C045-4B34-BE94-8C75E51058BE}.Debug|Any CPU.ActiveCfg = Debug|Any CPU
		{EBF9ABB0-C045-4B34-BE94-8C75E51058BE}.Debug|Any CPU.Build.0 = Debug|Any CPU
		{EBF9ABB0-C045-4B34-BE94-8C75E51058BE}.Release|Any CPU.ActiveCfg = Release|Any CPU
		{EBF9ABB0-C045-4B34-BE94-8C75E51058BE}.Release|Any CPU.Build.0 = Release|Any CPU
	EndGlobalSection
	GlobalSection(SolutionProperties) = preSolution
		HideSolutionNode = FALSE
	EndGlobalSection
	GlobalSection(ExtensibilityGlobals) = postSolution
		SolutionGuid = {2F3666C6-3666-4155-8689-988F639AD0CE}
	EndGlobalSection
EndGlobal
